
Microsoft Visual Studio Solution File, Format Version 12.00
Project("{FAE04EC0-301F-11D3-BF4B-00C04F79EFBC}") = "UserManagementPortal.Web", "UserManagementPortal.Web\UserManagementPortal.Web.csproj", "{AF6BF7BC-C154-4BD4-B7EA-EAE1C7885E28}"
EndProject
Project("{2150E333-8FDC-42A3-9474-1A3956D46DE8}") = "src", "src", "{E3862B64-FBB4-495A-9F05-3976437512C9}"
EndProject
Project("{FAE04EC0-301F-11D3-BF4B-00C04F79EFBC}") = "UserManagementPortal.Core", "UserManagementPortal.Core\UserManagementPortal.Core.csproj", "{5612D195-B87B-4564-8A36-7C31D066D5C0}"
EndProject
Global
	GlobalSection(SolutionConfigurationPlatforms) = preSolution
		Debug|Any CPU = Debug|Any CPU
		Release|Any CPU = Release|Any CPU
	EndGlobalSection
	GlobalSection(ProjectConfigurationPlatforms) = postSolution
		{AF6BF7BC-C154-4BD4-B7EA-EAE1C7885E28}.Debug|Any CPU.ActiveCfg = Debug|Any CPU
		{AF6BF7BC-C154-4BD4-B7EA-EAE1C7885E28}.Debug|Any CPU.Build.0 = Debug|Any CPU
		{AF6BF7BC-C154-4BD4-B7EA-EAE1C7885E28}.Release|Any CPU.ActiveCfg = Release|Any CPU
		{AF6BF7BC-C154-4BD4-B7EA-EAE1C7885E28}.Release|Any CPU.Build.0 = Release|Any CPU
		{5612D195-B87B-4564-8A36-7C31D066D5C0}.Debug|Any CPU.ActiveCfg = Debug|Any CPU
		{5612D195-B87B-4564-8A36-7C31D066D5C0}.Debug|Any CPU.Build.0 = Debug|Any CPU
		{5612D195-B87B-4564-8A36-7C31D066D5C0}.Release|Any CPU.ActiveCfg = Release|Any CPU
		{5612D195-B87B-4564-8A36-7C31D066D5C0}.Release|Any CPU.Build.0 = Release|Any CPU
	EndGlobalSection
	GlobalSection(NestedProjects) = preSolution
		{AF6BF7BC-C154-4BD4-B7EA-EAE1C7885E28} = {E3862B64-FBB4-495A-9F05-3976437512C9}
		{5612D195-B87B-4564-8A36-7C31D066D5C0} = {E3862B64-FBB4-495A-9F05-3976437512C9}
	EndGlobalSection
EndGlobal
